Microsoft Visual Studio Solution File, Format Version 12.00
# Visual Studio Version 17
VisualStudioVersion = 17.5.2.0
MinimumVisualStudioVersion = 10.0.40219.1
Project("{FAE04EC0-301F-11D3-BF4B-00C04F79EFBC}") = "CSVImport", "CSVImport.csproj", "{6F52ACF0-5A1E-BF2F-EA44-273D291CE052}"
EndProject
Global
	GlobalSection(SolutionConfigurationPlatforms) = preSolution
		Debug|Any CPU = Debug|Any CPU
		Release|Any CPU = Release|Any CPU
	EndGlobalSection
	GlobalSection(ProjectConfigurationPlatforms) = postSolution
		{6F52ACF0-5A1E-BF2F-EA44-273D291CE052}.Debug|Any CPU.ActiveCfg = Debug|Any CPU
		{6F52ACF0-5A1E-BF2F-EA44-273D291CE052}.Debug|Any CPU.Build.0 = Debug|Any CPU
		{6F52ACF0-5A1E-BF2F-EA44-273D291CE052}.Release|Any CPU.ActiveCfg = Release|Any CPU
		{6F52ACF0-5A1E-BF2F-EA44-273D291CE052}.Release|Any CPU.Build.0 = Release|Any CPU
	EndGlobalSection
	GlobalSection(SolutionProperties) = preSolution
		HideSolutionNode = FALSE
	EndGlobalSection
	GlobalSection(ExtensibilityGlobals) = postSolution
		SolutionGuid = {AC901454-B5E8-4F9C-BB9A-CA6F53F67F09}
	EndGlobalSection
EndGlobal
